// !$*UTF8*$!
{
	archiveVersion = 1;
	classes = {
	};
	objectVersion = 51;
	objects = {

/* Begin PBXBuildFile section */
		E00B66DA2498B1D600A89DC0 /* TextField.swift in Sources */ = {isa = PBXBuildFile; fileRef = E00B66D92498B1D600A89DC0 /* TextField.swift */; };
		E07F3580249A451A00B3B739 /* MenuViewController.swift in Sources */ = {isa = PBXBuildFile; fileRef = E07F357F249A451A00B3B739 /* MenuViewController.swift */; };
		E080612A249A533B00E3B49F /* ContainerViewController.swift in Sources */ = {isa = PBXBuildFile; fileRef = E0806129249A533B00E3B49F /* ContainerViewController.swift */; };
		E080612C249A53E900E3B49F /* EditingViewModel.swift in Sources */ = {isa = PBXBuildFile; fileRef = E080612B249A53E900E3B49F /* EditingViewModel.swift */; };
		E082C2222498C06400326198 /* GoogleService-Info.plist in Resources */ = {isa = PBXBuildFile; fileRef = E082C2212498C06400326198 /* GoogleService-Info.plist */; };
		E0BBE8B5249A2CE3000B9B35 /* viewExtension.swift in Sources */ = {isa = PBXBuildFile; fileRef = E0BBE8B4249A2CE3000B9B35 /* viewExtension.swift */; };
		E0BBE8B9249A3B10000B9B35 /* MenuTableViewModel.swift in Sources */ = {isa = PBXBuildFile; fileRef = E0BBE8B8249A3B10000B9B35 /* MenuTableViewModel.swift */; };
		E0BBE8BC249A3D81000B9B35 /* MenuTableViewCell.swift in Sources */ = {isa = PBXBuildFile; fileRef = E0BBE8BB249A3D81000B9B35 /* MenuTableViewCell.swift */; };
		E0BCD7602498ADE0004A9D6A /* AppDelegate.swift in Sources */ = {isa = PBXBuildFile; fileRef = E0BCD75F2498ADE0004A9D6A /* AppDelegate.swift */; };
		E0BCD7692498ADE5004A9D6A /* Assets.xcassets in Resources */ = {isa = PBXBuildFile; fileRef = E0BCD7682498ADE5004A9D6A /* Assets.xcassets */; };
		E0BCD76C2498ADE5004A9D6A /* LaunchScreen.storyboard in Resources */ = {isa = PBXBuildFile; fileRef = E0BCD76A2498ADE5004A9D6A /* LaunchScreen.storyboard */; };
		E0BCD7742498B0A2004A9D6A /* loginViewController.swift in Sources */ = {isa = PBXBuildFile; fileRef = E0BCD7732498B0A2004A9D6A /* loginViewController.swift */; };
		E0E3E5D12498BA5200083EC3 /* KeyboardViewController.swift in Sources */ = {isa = PBXBuildFile; fileRef = E0E3E5D02498BA5200083EC3 /* KeyboardViewController.swift */; };
		E0E3E5D32498BE2E00083EC3 /* Colors.swift in Sources */ = {isa = PBXBuildFile; fileRef = E0E3E5D22498BE2E00083EC3 /* Colors.swift */; };
		E0E4F9882498C49600FF1846 /* RegistrationViewController.swift in Sources */ = {isa = PBXBuildFile; fileRef = E0E4F9872498C49600FF1846 /* RegistrationViewController.swift */; };
		E0E4F98A2498DDE100FF1846 /* ButtonExtension.swift in Sources */ = {isa = PBXBuildFile; fileRef = E0E4F9892498DDE100FF1846 /* ButtonExtension.swift */; };
		E0E4F98D2498E10100FF1846 /* RegistrationViewModel.swift in Sources */ = {isa = PBXBuildFile; fileRef = E0E4F98C2498E10100FF1846 /* RegistrationViewModel.swift */; };
		E0E4F98F2498E36E00FF1846 /* EditingViewController.swift in Sources */ = {isa = PBXBuildFile; fileRef = E0E4F98E2498E36E00FF1846 /* EditingViewController.swift */; };
		FBD77396F521B1ED19E0AB38 /* Pods_AVSoft.framework in Frameworks */ = {isa = PBXBuildFile; fileRef = 27D54B18A01C720D8CB55D88 /* Pods_AVSoft.framework */; };
/* End PBXBuildFile section */

/* Begin PBXFileReference section */
		0B56C459F1024C16C959D57E /* Pods-AVSoft.debug.xcconfig */ = {isa = PBXFileReference; includeInIndex = 1; lastKnownFileType = text.xcconfig; name = "Pods-AVSoft.debug.xcconfig"; path = "Target Support Files/Pods-AVSoft/Pods-AVSoft.debug.xcconfig"; sourceTree = "<group>"; };
		27D54B18A01C720D8CB55D88 /* Pods_AVSoft.framework */ = {isa = PBXFileReference; explicitFileType = wrapper.framework; includeInIndex = 0; path = Pods_AVSoft.framework; sourceTree = BUILT_PRODUCTS_DIR; };
		4AEACC0E675CD731C1C97766 /* Pods-AVSoft.release.xcconfig */ = {isa = PBXFileReference; includeInIndex = 1; lastKnownFileType = text.xcconfig; name = "Pods-AVSoft.release.xcconfig"; path = "Target Support Files/Pods-AVSoft/Pods-AVSoft.release.xcconfig"; sourceTree = "<group>"; };
		E00B66D92498B1D600A89DC0 /* TextField.swift */ = {isa = PBXFileReference; lastKnownFileType = sourcecode.swift; path = TextField.swift; sourceTree = "<group>"; };
		E07F357F249A451A00B3B739 /* MenuViewController.swift */ = {isa = PBXFileReference; lastKnownFileType = sourcecode.swift; path = MenuViewController.swift; sourceTree = "<group>"; };
		E0806129249A533B00E3B49F /* ContainerViewController.swift */ = {isa = PBXFileReference; lastKnownFileType = sourcecode.swift; path = ContainerViewController.swift; sourceTree = "<group>"; };
		E080612B249A53E900E3B49F /* EditingViewModel.swift */ = {isa = PBXFileReference; lastKnownFileType = sourcecode.swift; path = EditingViewModel.swift; sourceTree = "<group>"; };
		E082C2212498C06400326198 /* GoogleService-Info.plist */ = {isa = PBXFileReference; fileEncoding = 4; lastKnownFileType = text.plist.xml; path = "GoogleService-Info.plist"; sourceTree = "<group>"; };
		E0BBE8B4249A2CE3000B9B35 /* viewExtension.swift */ = {isa = PBXFileReference; lastKnownFileType = sourcecode.swift; path = viewExtension.swift; sourceTree = "<group>"; };
		E0BBE8B8249A3B10000B9B35 /* MenuTableViewModel.swift */ = {isa = PBXFileReference; lastKnownFileType = sourcecode.swift; path = MenuTableViewModel.swift; sourceTree = "<group>"; };
		E0BBE8BB249A3D81000B9B35 /* MenuTableViewCell.swift */ = {isa = PBXFileReference; lastKnownFileType = sourcecode.swift; path = MenuTableViewCell.swift; sourceTree = "<group>"; };
		E0BCD75C2498ADE0004A9D6A /* AVSoft.app */ = {isa = PBXFileReference; explicitFileType = wrapper.application; includeInIndex = 0; path = AVSoft.app; sourceTree = BUILT_PRODUCTS_DIR; };
		E0BCD75F2498ADE0004A9D6A /* AppDelegate.swift */ = {isa = PBXFileReference; lastKnownFileType = sourcecode.swift; path = AppDelegate.swift; sourceTree = "<group>"; };
		E0BCD7682498ADE5004A9D6A /* Assets.xcassets */ = {isa = PBXFileReference; lastKnownFileType = folder.assetcatalog; path = Assets.xcassets; sourceTree = "<group>"; };
		E0BCD76B2498ADE5004A9D6A /* Base */ = {isa = PBXFileReference; lastKnownFileType = file.storyboard; name = Base; path = Base.lproj/LaunchScreen.storyboard; sourceTree = "<group>"; };
		E0BCD76D2498ADE5004A9D6A /* Info.plist */ = {isa = PBXFileReference; lastKnownFileType = text.plist.xml; path = Info.plist; sourceTree = "<group>"; };
		E0BCD7732498B0A2004A9D6A /* loginViewController.swift */ = {isa = PBXFileReference; lastKnownFileType = sourcecode.swift; path = loginViewController.swift; sourceTree = "<group>"; };
		E0E3E5D02498BA5200083EC3 /* KeyboardViewController.swift */ = {isa = PBXFileReference; lastKnownFileType = sourcecode.swift; path = KeyboardViewController.swift; sourceTree = "<group>"; };
		E0E3E5D22498BE2E00083EC3 /* Colors.swift */ = {isa = PBXFileReference; lastKnownFileType = sourcecode.swift; path = Colors.swift; sourceTree = "<group>"; };
		E0E4F9872498C49600FF1846 /* RegistrationViewController.swift */ = {isa = PBXFileReference; lastKnownFileType = sourcecode.swift; path = RegistrationViewController.swift; sourceTree = "<group>"; };
		E0E4F9892498DDE100FF1846 /* ButtonExtension.swift */ = {isa = PBXFileReference; lastKnownFileType = sourcecode.swift; path = ButtonExtension.swift; sourceTree = "<group>"; };
		E0E4F98C2498E10100FF1846 /* RegistrationViewModel.swift */ = {isa = PBXFileReference; lastKnownFileType = sourcecode.swift; path = RegistrationViewModel.swift; sourceTree = "<group>"; };
		E0E4F98E2498E36E00FF1846 /* EditingViewController.swift */ = {isa = PBXFileReference; lastKnownFileType = sourcecode.swift; path = EditingViewController.swift; sourceTree = "<group>"; };
/* End PBXFileReference section */

/* Begin PBXFrameworksBuildPhase section */
		E0BCD7592498ADE0004A9D6A /* Frameworks */ = {
			isa = PBXFrameworksBuildPhase;
			buildActionMask = 2147483647;
			files = (
				FBD77396F521B1ED19E0AB38 /* Pods_AVSoft.framework in Frameworks */,
			);
			runOnlyForDeploymentPostprocessing = 0;
		};
/* End PBXFrameworksBuildPhase section */

/* Begin PBXGroup section */
		1BC3A77A1DF42717199AC315 /* Frameworks */ = {
			isa = PBXGroup;
			children = (
				27D54B18A01C720D8CB55D88 /* Pods_AVSoft.framework */,
			);
			name = Frameworks;
			sourceTree = "<group>";
		};
		7D611C4399185EAB04A50866 /* Pods */ = {
			isa = PBXGroup;
			children = (
				0B56C459F1024C16C959D57E /* Pods-AVSoft.debug.xcconfig */,
				4AEACC0E675CD731C1C97766 /* Pods-AVSoft.release.xcconfig */,
			);
			path = Pods;
			sourceTree = "<group>";
		};
		E00B66DB2498B1DA00A89DC0 /* extensoins */ = {
			isa = PBXGroup;
			children = (
				E00B66D92498B1D600A89DC0 /* TextField.swift */,
				E0E3E5D02498BA5200083EC3 /* KeyboardViewController.swift */,
				E0E4F9892498DDE100FF1846 /* ButtonExtension.swift */,
				E0BBE8B4249A2CE3000B9B35 /* viewExtension.swift */,
			);
			path = extensoins;
			sourceTree = "<group>";
		};
		E00B66DC2498B1F500A89DC0 /* ViewControllers */ = {
			isa = PBXGroup;
			children = (
				E0806129249A533B00E3B49F /* ContainerViewController.swift */,
				E0BBE8BA249A3D70000B9B35 /* Menu */,
				E0BCD7732498B0A2004A9D6A /* loginViewController.swift */,
				E0E4F9872498C49600FF1846 /* RegistrationViewController.swift */,
				E0E4F98E2498E36E00FF1846 /* EditingViewController.swift */,
			);
			path = ViewControllers;
			sourceTree = "<group>";
		};
		E0BBE8BA249A3D70000B9B35 /* Menu */ = {
			isa = PBXGroup;
			children = (
				E07F357F249A451A00B3B739 /* MenuViewController.swift */,
				E0BBE8BB249A3D81000B9B35 /* MenuTableViewCell.swift */,
			);
			path = Menu;
			sourceTree = "<group>";
		};
		E0BCD7532498ADE0004A9D6A = {
			isa = PBXGroup;
			children = (
				E0BCD75E2498ADE0004A9D6A /* AVSoft */,
				E0BCD75D2498ADE0004A9D6A /* Products */,
				7D611C4399185EAB04A50866 /* Pods */,
				1BC3A77A1DF42717199AC315 /* Frameworks */,
			);
			sourceTree = "<group>";
		};
		E0BCD75D2498ADE0004A9D6A /* Products */ = {
			isa = PBXGroup;
			children = (
				E0BCD75C2498ADE0004A9D6A /* AVSoft.app */,
			);
			name = Products;
			sourceTree = "<group>";
		};
		E0BCD75E2498ADE0004A9D6A /* AVSoft */ = {
			isa = PBXGroup;
			children = (
				E0BCD75F2498ADE0004A9D6A /* AppDelegate.swift */,
				E0E3E5D22498BE2E00083EC3 /* Colors.swift */,
				E00B66DC2498B1F500A89DC0 /* ViewControllers */,
				E0E4F98B2498E0E900FF1846 /* ViewModels */,
				E00B66DB2498B1DA00A89DC0 /* extensoins */,
				E0BCD7682498ADE5004A9D6A /* Assets.xcassets */,
				E0BCD76A2498ADE5004A9D6A /* LaunchScreen.storyboard */,
				E0BCD76D2498ADE5004A9D6A /* Info.plist */,
				E082C2212498C06400326198 /* GoogleService-Info.plist */,
			);
			path = AVSoft;
			sourceTree = "<group>";
		};
		E0E4F98B2498E0E900FF1846 /* ViewModels */ = {
			isa = PBXGroup;
			children = (
				E0E4F98C2498E10100FF1846 /* RegistrationViewModel.swift */,
				E0BBE8B8249A3B10000B9B35 /* MenuTableViewModel.swift */,
				E080612B249A53E900E3B49F /* EditingViewModel.swift */,
			);
			path = ViewModels;
			sourceTree = "<group>";
		};
/* End PBXGroup section */

/* Begin PBXNativeTarget section */
		E0BCD75B2498ADE0004A9D6A /* AVSoft */ = {
			isa = PBXNativeTarget;
			buildConfigurationList = E0BCD7702498ADE5004A9D6A /* Build configuration list for PBXNativeTarget "AVSoft" */;
			buildPhases = (
				21B4DC75E6AD632049BFD53F /* [CP] Check Pods Manifest.lock */,
				E0BCD7582498ADE0004A9D6A /* Sources */,
				E0BCD7592498ADE0004A9D6A /* Frameworks */,
				E0BCD75A2498ADE0004A9D6A /* Resources */,
				E9E2632D53F1C8AED4CA4678 /* [CP] Embed Pods Frameworks */,
			);
			buildRules = (
			);
			dependencies = (
			);
			name = AVSoft;
			productName = AVSoft;
			productReference = E0BCD75C2498ADE0004A9D6A /* AVSoft.app */;
			productType = "com.apple.product-type.application";
		};
/* End PBXNativeTarget section */

/* Begin PBXProject section */
		E0BCD7542498ADE0004A9D6A /* Project object */ = {
			isa = PBXProject;
			attributes = {
				LastSwiftUpdateCheck = 1150;
				LastUpgradeCheck = 1150;
				ORGANIZATIONNAME = "Роман Ковайкин";
				TargetAttributes = {
					E0BCD75B2498ADE0004A9D6A = {
						CreatedOnToolsVersion = 11.5;
					};
				};
			};
			buildConfigurationList = E0BCD7572498ADE0004A9D6A /* Build configuration list for PBXProject "AVSoft" */;
			compatibilityVersion = "Xcode 9.3";
			developmentRegion = en;
			hasScannedForEncodings = 0;
			knownRegions = (
				en,
				Base,
			);
			mainGroup = E0BCD7532498ADE0004A9D6A;
			productRefGroup = E0BCD75D2498ADE0004A9D6A /* Products */;
			projectDirPath = "";
			projectRoot = "";
			targets = (
				E0BCD75B2498ADE0004A9D6A /* AVSoft */,
			);
		};
/* End PBXProject section */

/* Begin PBXResourcesBuildPhase section */
		E0BCD75A2498ADE0004A9D6A /* Resources */ = {
			isa = PBXResourcesBuildPhase;
			buildActionMask = 2147483647;
			files = (
				E0BCD76C2498ADE5004A9D6A /* LaunchScreen.storyboard in Resources */,
				E082C2222498C06400326198 /* GoogleService-Info.plist in Resources */,
				E0BCD7692498ADE5004A9D6A /* Assets.xcassets in Resources */,
			);
			runOnlyForDeploymentPostprocessing = 0;
		};
/* End PBXResourcesBuildPhase section */

/* Begin PBXShellScriptBuildPhase section */
		21B4DC75E6AD632049BFD53F /* [CP] Check Pods Manifest.lock */ = {
			isa = PBXShellScriptBuildPhase;
			buildActionMask = 2147483647;
			files = (
			);
			inputFileListPaths = (
			);
			inputPaths = (
				"${PODS_PODFILE_DIR_PATH}/Podfile.lock",
				"${PODS_ROOT}/Manifest.lock",
			);
			name = "[CP] Check Pods Manifest.lock";
			outputFileListPaths = (
			);
			outputPaths = (
				"$(DERIVED_FILE_DIR)/Pods-AVSoft-checkManifestLockResult.txt",
			);
			runOnlyForDeploymentPostprocessing = 0;
			shellPath = /bin/sh;
			shellScript = "diff \"${PODS_PODFILE_DIR_PATH}/Podfile.lock\" \"${PODS_ROOT}/Manifest.lock\" > /dev/null\nif [ $? != 0 ] ; then\n    # print error to STDERR\n    echo \"error: The sandbox is not in sync with the Podfile.lock. Run 'pod install' or update your CocoaPods installation.\" >&2\n    exit 1\nfi\n# This output is used by Xcode 'outputs' to avoid re-running this script phase.\necho \"SUCCESS\" > \"${SCRIPT_OUTPUT_FILE_0}\"\n";
			showEnvVarsInLog = 0;
		};
		E9E2632D53F1C8AED4CA4678 /* [CP] Embed Pods Frameworks */ = {
			isa = PBXShellScriptBuildPhase;
			buildActionMask = 2147483647;
			files = (
			);
			inputFileListPaths = (
				"${PODS_ROOT}/Target Support Files/Pods-AVSoft/Pods-AVSoft-frameworks-${CONFIGURATION}-input-files.xcfilelist",
			);
			name = "[CP] Embed Pods Frameworks";
			outputFileListPaths = (
				"${PODS_ROOT}/Target Support Files/Pods-AVSoft/Pods-AVSoft-frameworks-${CONFIGURATION}-output-files.xcfilelist",
			);
			runOnlyForDeploymentPostprocessing = 0;
			shellPath = /bin/sh;
			shellScript = "\"${PODS_ROOT}/Target Support Files/Pods-AVSoft/Pods-AVSoft-frameworks.sh\"\n";
			showEnvVarsInLog = 0;
		};
/* End PBXShellScriptBuildPhase section */

/* Begin PBXSourcesBuildPhase section */
		E0BCD7582498ADE0004A9D6A /* Sources */ = {
			isa = PBXSourcesBuildPhase;
			buildActionMask = 2147483647;
			files = (
				E0BBE8B9249A3B10000B9B35 /* MenuTableViewModel.swift in Sources */,
				E0BCD7602498ADE0004A9D6A /* AppDelegate.swift in Sources */,
				E080612A249A533B00E3B49F /* ContainerViewController.swift in Sources */,
				E0E4F98D2498E10100FF1846 /* RegistrationViewModel.swift in Sources */,
				E0E4F98F2498E36E00FF1846 /* EditingViewController.swift in Sources */,
				E0E4F98A2498DDE100FF1846 /* ButtonExtension.swift in Sources */,
				E0BBE8B5249A2CE3000B9B35 /* viewExtension.swift in Sources */,
				E0E3E5D32498BE2E00083EC3 /* Colors.swift in Sources */,
				E07F3580249A451A00B3B739 /* MenuViewController.swift in Sources */,
				E0E3E5D12498BA5200083EC3 /* KeyboardViewController.swift in Sources */,
				E0BBE8BC249A3D81000B9B35 /* MenuTableViewCell.swift in Sources */,
				E080612C249A53E900E3B49F /* EditingViewModel.swift in Sources */,
				E0E4F9882498C49600FF1846 /* RegistrationViewController.swift in Sources */,
				E0BCD7742498B0A2004A9D6A /* loginViewController.swift in Sources */,
				E00B66DA2498B1D600A89DC0 /* TextField.swift in Sources */,
			);
			runOnlyForDeploymentPostprocessing = 0;
		};
/* End PBXSourcesBuildPhase section */

/* Begin PBXVariantGroup section */
		E0BCD76A2498ADE5004A9D6A /* LaunchScreen.storyboard */ = {
			isa = PBXVariantGroup;
			children = (
				E0BCD76B2498ADE5004A9D6A /* Base */,
			);
			name = LaunchScreen.storyboard;
			sourceTree = "<group>";
		};
/* End PBXVariantGroup section */

/* Begin XCBuildConfiguration section */
		E0BCD76E2498ADE5004A9D6A /* Debug */ = {
			isa = XCBuildConfiguration;
			buildSettings = {
				ALWAYS_SEARCH_USER_PATHS = NO;
				CLANG_ANALYZER_NONNULL = YES;
				CLANG_ANALYZER_NUMBER_OBJECT_CONVERSION = YES_AGGRESSIVE;
				CLANG_CXX_LANGUAGE_STANDARD = "gnu++14";
				CLANG_CXX_LIBRARY = "libc++";
				CLANG_ENABLE_MODULES = YES;
				CLANG_ENABLE_OBJC_ARC = YES;
				CLANG_ENABLE_OBJC_WEAK = YES;
				CLANG_WARN_BLOCK_CAPTURE_AUTORELEASING = YES;
				CLANG_WARN_BOOL_CONVERSION = YES;
				CLANG_WARN_COMMA = YES;
				CLANG_WARN_CONSTANT_CONVERSION = YES;
				CLANG_WARN_DEPRECATED_OBJC_IMPLEMENTATIONS = YES;
				CLANG_WARN_DIRECT_OBJC_ISA_USAGE = YES_ERROR;
				CLANG_WARN_DOCUMENTATION_COMMENTS = YES;
				CLANG_WARN_EMPTY_BODY = YES;
				CLANG_WARN_ENUM_CONVERSION = YES;
				CLANG_WARN_INFINITE_RECURSION = YES;
				CLANG_WARN_INT_CONVERSION = YES;
				CLANG_WARN_NON_LITERAL_NULL_CONVERSION = YES;
				CLANG_WARN_OBJC_IMPLICIT_RETAIN_SELF = YES;
				CLANG_WARN_OBJC_LITERAL_CONVERSION = YES;
				CLANG_WARN_OBJC_ROOT_CLASS = YES_ERROR;
				CLANG_WARN_RANGE_LOOP_ANALYSIS = YES;
				CLANG_WARN_STRICT_PROTOTYPES = YES;
				CLANG_WARN_SUSPICIOUS_MOVE = YES;
				CLANG_WARN_UNGUARDED_AVAILABILITY = YES_AGGRESSIVE;
				CLANG_WARN_UNREACHABLE_CODE = YES;
				CLANG_WARN__DUPLICATE_METHOD_MATCH = YES;
				COPY_PHASE_STRIP = NO;
				DEBUG_INFORMATION_FORMAT = dwarf;
				ENABLE_STRICT_OBJC_MSGSEND = YES;
				ENABLE_TESTABILITY = YES;
				GCC_C_LANGUAGE_STANDARD = gnu11;
				GCC_DYNAMIC_NO_PIC = NO;
				GCC_NO_COMMON_BLOCKS = YES;
				GCC_OPTIMIZATION_LEVEL = 0;
				GCC_PREPROCESSOR_DEFINITIONS = (
					"DEBUG=1",
					"$(inherited)",
				);
				GCC_WARN_64_TO_32_BIT_CONVERSION = YES;
				GCC_WARN_ABOUT_RETURN_TYPE = YES_ERROR;
				GCC_WARN_UNDECLARED_SELECTOR = YES;
				GCC_WARN_UNINITIALIZED_AUTOS = YES_AGGRESSIVE;
				GCC_WARN_UNUSED_FUNCTION = YES;
				GCC_WARN_UNUSED_VARIABLE = YES;
				IPHONEOS_DEPLOYMENT_TARGET = 13.5;
				MTL_ENABLE_DEBUG_INFO = INCLUDE_SOURCE;
				MTL_FAST_MATH = YES;
				ONLY_ACTIVE_ARCH = YES;
				SDKROOT = iphoneos;
				SWIFT_ACTIVE_COMPILATION_CONDITIONS = DEBUG;
				SWIFT_OPTIMIZATION_LEVEL = "-Onone";
			};
			name = Debug;
		};
		E0BCD76F2498ADE5004A9D6A /* Release */ = {
			isa = XCBuildConfiguration;
			buildSettings = {
				ALWAYS_SEARCH_USER_PATHS = NO;
				CLANG_ANALYZER_NONNULL = YES;
				CLANG_ANALYZER_NUMBER_OBJECT_CONVERSION = YES_AGGRESSIVE;
				CLANG_CXX_LANGUAGE_STANDARD = "gnu++14";
				CLANG_CXX_LIBRARY = "libc++";
				CLANG_ENABLE_MODULES = YES;
				CLANG_ENABLE_OBJC_ARC = YES;
				CLANG_ENABLE_OBJC_WEAK = YES;
				CLANG_WARN_BLOCK_CAPTURE_AUTORELEASING = YES;
				CLANG_WARN_BOOL_CONVERSION = YES;
				CLANG_WARN_COMMA = YES;
				CLANG_WARN_CONSTANT_CONVERSION = YES;
				CLANG_WARN_DEPRECATED_OBJC_IMPLEMENTATIONS = YES;
				CLANG_WARN_DIRECT_OBJC_ISA_USAGE = YES_ERROR;
				CLANG_WARN_DOCUMENTATION_COMMENTS = YES;
				CLANG_WARN_EMPTY_BODY = YES;
				CLANG_WARN_ENUM_CONVERSION = YES;
				CLANG_WARN_INFINITE_RECURSION = YES;
				CLANG_WARN_INT_CONVERSION = YES;
				CLANG_WARN_NON_LITERAL_NULL_CONVERSION = YES;
				CLANG_WARN_OBJC_IMPLICIT_RETAIN_SELF = YES;
				CLANG_WARN_OBJC_LITERAL_CONVERSION = YES;
				CLANG_WARN_OBJC_ROOT_CLASS = YES_ERROR;
				CLANG_WARN_RANGE_LOOP_ANALYSIS = YES;
				CLANG_WARN_STRICT_PROTOTYPES = YES;
				CLANG_WARN_SUSPICIOUS_MOVE = YES;
				CLANG_WARN_UNGUARDED_AVAILABILITY = YES_AGGRESSIVE;
				CLANG_WARN_UNREACHABLE_CODE = YES;
				CLANG_WARN__DUPLICATE_METHOD_MATCH = YES;
				COPY_PHASE_STRIP = NO;
				DEBUG_INFORMATION_FORMAT = "dwarf-with-dsym";
				ENABLE_NS_ASSERTIONS = NO;
				ENABLE_STRICT_OBJC_MSGSEND = YES;
				GCC_C_LANGUAGE_STANDARD = gnu11;
				GCC_NO_COMMON_BLOCKS = YES;
				GCC_WARN_64_TO_32_BIT_CONVERSION = YES;
				GCC_WARN_ABOUT_RETURN_TYPE = YES_ERROR;
				GCC_WARN_UNDECLARED_SELECTOR = YES;
				GCC_WARN_UNINITIALIZED_AUTOS = YES_AGGRESSIVE;
				GCC_WARN_UNUSED_FUNCTION = YES;
				GCC_WARN_UNUSED_VARIABLE = YES;
				IPHONEOS_DEPLOYMENT_TARGET = 13.5;
				MTL_ENABLE_DEBUG_INFO = NO;
				MTL_FAST_MATH = YES;
				SDKROOT = iphoneos;
				SWIFT_COMPILATION_MODE = wholemodule;
				SWIFT_OPTIMIZATION_LEVEL = "-O";
				VALIDATE_PRODUCT = YES;
			};
			name = Release;
		};
		E0BCD7712498ADE5004A9D6A /* Debug */ = {
			isa = XCBuildConfiguration;
			baseConfigurationReference = 0B56C459F1024C16C959D57E /* Pods-AVSoft.debug.xcconfig */;
			buildSettings = {
				ASSETCATALOG_COMPILER_APPICON_NAME = AppIcon;
				CODE_SIGN_STYLE = Automatic;
				DEVELOPMENT_TEAM = Q2UDMR8XH2;
				INFOPLIST_FILE = AVSoft/Info.plist;
				LD_RUNPATH_SEARCH_PATHS = (
					"$(inherited)",
					"@executable_path/Frameworks",
				);
				PRODUCT_BUNDLE_IDENTIFIER = com.Roma.AVSoft;
				PRODUCT_NAME = "$(TARGET_NAME)";
				SWIFT_VERSION = 5.0;
				TARGETED_DEVICE_FAMILY = "1,2";
			};
			name = Debug;
		};
		E0BCD7722498ADE5004A9D6A /* Release */ = {
			isa = XCBuildConfiguration;
			baseConfigurationReference = 4AEACC0E675CD731C1C97766 /* Pods-AVSoft.release.xcconfig */;
			buildSettings = {
				ASSETCATALOG_COMPILER_APPICON_NAME = AppIcon;
				CODE_SIGN_STYLE = Automatic;
				DEVELOPMENT_TEAM = Q2UDMR8XH2;
				INFOPLIST_FILE = AVSoft/Info.plist;
				LD_RUNPATH_SEARCH_PATHS = (
					"$(inherited)",
					"@executable_path/Frameworks",
				);
				PRODUCT_BUNDLE_IDENTIFIER = com.Roma.AVSoft;
				PRODUCT_NAME = "$(TARGET_NAME)";
				SWIFT_VERSION = 5.0;
				TARGETED_DEVICE_FAMILY = "1,2";
			};
			name = Release;
		};
/* End XCBuildConfiguration section */

/* Begin XCConfigurationList section */
		E0BCD7572498ADE0004A9D6A /* Build configuration list for PBXProject "AVSoft" */ = {
			isa = XCConfigurationList;
			buildConfigurations = (
				E0BCD76E2498ADE5004A9D6A /* Debug */,
				E0BCD76F2498ADE5004A9D6A /* Release */,
			);
			defaultConfigurationIsVisible = 0;
			defaultConfigurationName = Release;
		};
		E0BCD7702498ADE5004A9D6A /* Build configuration list for PBXNativeTarget "AVSoft" */ = {
			isa = XCConfigurationList;
			buildConfigurations = (
				E0BCD7712498ADE5004A9D6A /* Debug */,
				E0BCD7722498ADE5004A9D6A /* Release */,
			);
			defaultConfigurationIsVisible = 0;
			defaultConfigurationName = Release;
		};
/* End XCConfigurationList section */
	};
	rootObject = E0BCD7542498ADE0004A9D6A /* Project object */;
}
