// !$*UTF8*$!
{
	archiveVersion = 1;
	classes = {
	};
	objectVersion = 50;
	objects = {

/* Begin PBXBuildFile section */
		E0BCD7602498ADE0004A9D6A /* AppDelegate.swift in Sources */ = {isa = PBXBuildFile; fileRef = E0BCD75F2498ADE0004A9D6A /* AppDelegate.swift */; };
		E0BCD7622498ADE0004A9D6A /* SceneDelegate.swift in Sources */ = {isa = PBXBuildFile; fileRef = E0BCD7612498ADE0004A9D6A /* SceneDelegate.swift */; };
		E0BCD7642498ADE0004A9D6A /* ViewController.swift in Sources */ = {isa = PBXBuildFile; fileRef = E0BCD7632498ADE0004A9D6A /* ViewController.swift */; };
		E0BCD7672498ADE0004A9D6A /* Main.storyboard in Resources */ = {isa = PBXBuildFile; fileRef = E0BCD7652498ADE0004A9D6A /* Main.storyboard */; };
		E0BCD7692498ADE5004A9D6A /* Assets.xcassets in Resources */ = {isa = PBXBuildFile; fileRef = E0BCD7682498ADE5004A9D6A /* Assets.xcassets */; };
		E0BCD76C2498ADE5004A9D6A /* LaunchScreen.storyboard in Resources */ = {isa = PBXBuildFile; fileRef = E0BCD76A2498ADE5004A9D6A /* LaunchScreen.storyboard */; };
/* End PBXBuildFile section */

/* Begin PBXFileReference section */
		E0BCD75C2498ADE0004A9D6A /* AVSoft.app */ = {isa = PBXFileReference; explicitFileType = wrapper.application; includeInIndex = 0; path = AVSoft.app; sourceTree = BUILT_PRODUCTS_DIR; };
		E0BCD75F2498ADE0004A9D6A /* AppDelegate.swift */ = {isa = PBXFileReference; lastKnownFileType = sourcecode.swift; path = AppDelegate.swift; sourceTree = "<group>"; };
		E0BCD7612498ADE0004A9D6A /* SceneDelegate.swift */ = {isa = PBXFileReference; lastKnownFileType = sourcecode.swift; path = SceneDelegate.swift; sourceTree = "<group>"; };
		E0BCD7632498ADE0004A9D6A /* ViewController.swift */ = {isa = PBXFileReference; lastKnownFileType = sourcecode.swift; path = ViewController.swift; sourceTree = "<group>"; };
		E0BCD7662498ADE0004A9D6A /* Base */ = {isa = PBXFileReference; lastKnownFileType = file.storyboard; name = Base; path = Base.lproj/Main.storyboard; sourceTree = "<group>"; };
		E0BCD7682498ADE5004A9D6A /* Assets.xcassets */ = {isa = PBXFileReference; lastKnownFileType = folder.assetcatalog; path = Assets.xcassets; sourceTree = "<group>"; };
		E0BCD76B2498ADE5004A9D6A /* Base */ = {isa = PBXFileReference; lastKnownFileType = file.storyboard; name = Base; path = Base.lproj/LaunchScreen.storyboard; sourceTree = "<group>"; };
		E0BCD76D2498ADE5004A9D6A /* Info.plist */ = {isa = PBXFileReference; lastKnownFileType = text.plist.xml; path = Info.plist; sourceTree = "<group>"; };
/* End PBXFileReference section */

/* Begin PBXFrameworksBuildPhase section */
		E0BCD7592498ADE0004A9D6A /* Frameworks */ = {
			isa = PBXFrameworksBuildPhase;
			buildActionMask = 2147483647;
			files = (
			);
			runOnlyForDeploymentPostprocessing = 0;
		};
/* End PBXFrameworksBuildPhase section */

/* Begin PBXGroup section */
		E0BCD7532498ADE0004A9D6A = {
			isa = PBXGroup;
			children = (
				E0BCD75E2498ADE0004A9D6A /* AVSoft */,
				E0BCD75D2498ADE0004A9D6A /* Products */,
			);
			sourceTree = "<group>";
		};
		E0BCD75D2498ADE0004A9D6A /* Products */ = {
			isa = PBXGroup;
			children = (
				E0BCD75C2498ADE0004A9D6A /* AVSoft.app */,
			);
			name = Products;
			sourceTree = "<group>";
		};
		E0BCD75E2498ADE0004A9D6A /* AVSoft */ = {
			isa = PBXGroup;
			children = (
				E0BCD75F2498ADE0004A9D6A /* AppDelegate.swift */,
				E0BCD7612498ADE0004A9D6A /* SceneDelegate.swift */,
				E0BCD7632498ADE0004A9D6A /* ViewController.swift */,
				E0BCD7652498ADE0004A9D6A /* Main.storyboard */,
				E0BCD7682498ADE5004A9D6A /* Assets.xcassets */,
				E0BCD76A2498ADE5004A9D6A /* LaunchScreen.storyboard */,
				E0BCD76D2498ADE5004A9D6A /* Info.plist */,
			);
			path = AVSoft;
			sourceTree = "<group>";
		};
/* End PBXGroup section */

/* Begin PBXNativeTarget section */
		E0BCD75B2498ADE0004A9D6A /* AVSoft */ = {
			isa = PBXNativeTarget;
			buildConfigurationList = E0BCD7702498ADE5004A9D6A /* Build configuration list for PBXNativeTarget "AVSoft" */;
			buildPhases = (
				E0BCD7582498ADE0004A9D6A /* Sources */,
				E0BCD7592498ADE0004A9D6A /* Frameworks */,
				E0BCD75A2498ADE0004A9D6A /* Resources */,
			);
			buildRules = (
			);
			dependencies = (
			);
			name = AVSoft;
			productName = AVSoft;
			productReference = E0BCD75C2498ADE0004A9D6A /* AVSoft.app */;
			productType = "com.apple.product-type.application";
		};
/* End PBXNativeTarget section */

/* Begin PBXProject section */
		E0BCD7542498ADE0004A9D6A /* Project object */ = {
			isa = PBXProject;
			attributes = {
				LastSwiftUpdateCheck = 1150;
				LastUpgradeCheck = 1150;
				ORGANIZATIONNAME = "Роман Ковайкин";
				TargetAttributes = {
					E0BCD75B2498ADE0004A9D6A = {
						CreatedOnToolsVersion = 11.5;
					};
				};
			};
			buildConfigurationList = E0BCD7572498ADE0004A9D6A /* Build configuration list for PBXProject "AVSoft" */;
			compatibilityVersion = "Xcode 9.3";
			developmentRegion = en;
			hasScannedForEncodings = 0;
			knownRegions = (
				en,
				Base,
			);
			mainGroup = E0BCD7532498ADE0004A9D6A;
			productRefGroup = E0BCD75D2498ADE0004A9D6A /* Products */;
			projectDirPath = "";
			projectRoot = "";
			targets = (
				E0BCD75B2498ADE0004A9D6A /* AVSoft */,
			);
		};
/* End PBXProject section */

/* Begin PBXResourcesBuildPhase section */
		E0BCD75A2498ADE0004A9D6A /* Resources */ = {
			isa = PBXResourcesBuildPhase;
			buildActionMask = 2147483647;
			files = (
				E0BCD76C2498ADE5004A9D6A /* LaunchScreen.storyboard in Resources */,
				E0BCD7692498ADE5004A9D6A /* Assets.xcassets in Resources */,
				E0BCD7672498ADE0004A9D6A /* Main.storyboard in Resources */,
			);
			runOnlyForDeploymentPostprocessing = 0;
		};
/* End PBXResourcesBuildPhase section */

/* Begin PBXSourcesBuildPhase section */
		E0BCD7582498ADE0004A9D6A /* Sources */ = {
			isa = PBXSourcesBuildPhase;
			buildActionMask = 2147483647;
			files = (
				E0BCD7642498ADE0004A9D6A /* ViewController.swift in Sources */,
				E0BCD7602498ADE0004A9D6A /* AppDelegate.swift in Sources */,
				E0BCD7622498ADE0004A9D6A /* SceneDelegate.swift in Sources */,
			);
			runOnlyForDeploymentPostprocessing = 0;
		};
/* End PBXSourcesBuildPhase section */

/* Begin PBXVariantGroup section */
		E0BCD7652498ADE0004A9D6A /* Main.storyboard */ = {
			isa = PBXVariantGroup;
			children = (
				E0BCD7662498ADE0004A9D6A /* Base */,
			);
			name = Main.storyboard;
			sourceTree = "<group>";
		};
		E0BCD76A2498ADE5004A9D6A /* LaunchScreen.storyboard */ = {
			isa = PBXVariantGroup;
			children = (
				E0BCD76B2498ADE5004A9D6A /* Base */,
			);
			name = LaunchScreen.storyboard;
			sourceTree = "<group>";
		};
/* End PBXVariantGroup section */

/* Begin XCBuildConfiguration section */
		E0BCD76E2498ADE5004A9D6A /* Debug */ = {
			isa = XCBuildConfiguration;
			buildSettings = {
				ALWAYS_SEARCH_USER_PATHS = NO;
				CLANG_ANALYZER_NONNULL = YES;
				CLANG_ANALYZER_NUMBER_OBJECT_CONVERSION = YES_AGGRESSIVE;
				CLANG_CXX_LANGUAGE_STANDARD = "gnu++14";
				CLANG_CXX_LIBRARY = "libc++";
				CLANG_ENABLE_MODULES = YES;
				CLANG_ENABLE_OBJC_ARC = YES;
				CLANG_ENABLE_OBJC_WEAK = YES;
				CLANG_WARN_BLOCK_CAPTURE_AUTORELEASING = YES;
				CLANG_WARN_BOOL_CONVERSION = YES;
				CLANG_WARN_COMMA = YES;
				CLANG_WARN_CONSTANT_CONVERSION = YES;
				CLANG_WARN_DEPRECATED_OBJC_IMPLEMENTATIONS = YES;
				CLANG_WARN_DIRECT_OBJC_ISA_USAGE = YES_ERROR;
				CLANG_WARN_DOCUMENTATION_COMMENTS = YES;
				CLANG_WARN_EMPTY_BODY = YES;
				CLANG_WARN_ENUM_CONVERSION = YES;
				CLANG_WARN_INFINITE_RECURSION = YES;
				CLANG_WARN_INT_CONVERSION = YES;
				CLANG_WARN_NON_LITERAL_NULL_CONVERSION = YES;
				CLANG_WARN_OBJC_IMPLICIT_RETAIN_SELF = YES;
				CLANG_WARN_OBJC_LITERAL_CONVERSION = YES;
				CLANG_WARN_OBJC_ROOT_CLASS = YES_ERROR;
				CLANG_WARN_RANGE_LOOP_ANALYSIS = YES;
				CLANG_WARN_STRICT_PROTOTYPES = YES;
				CLANG_WARN_SUSPICIOUS_MOVE = YES;
				CLANG_WARN_UNGUARDED_AVAILABILITY = YES_AGGRESSIVE;
				CLANG_WARN_UNREACHABLE_CODE = YES;
				CLANG_WARN__DUPLICATE_METHOD_MATCH = YES;
				COPY_PHASE_STRIP = NO;
				DEBUG_INFORMATION_FORMAT = dwarf;
				ENABLE_STRICT_OBJC_MSGSEND = YES;
				ENABLE_TESTABILITY = YES;
				GCC_C_LANGUAGE_STANDARD = gnu11;
				GCC_DYNAMIC_NO_PIC = NO;
				GCC_NO_COMMON_BLOCKS = YES;
				GCC_OPTIMIZATION_LEVEL = 0;
				GCC_PREPROCESSOR_DEFINITIONS = (
					"DEBUG=1",
					"$(inherited)",
				);
				GCC_WARN_64_TO_32_BIT_CONVERSION = YES;
				GCC_WARN_ABOUT_RETURN_TYPE = YES_ERROR;
				GCC_WARN_UNDECLARED_SELECTOR = YES;
				GCC_WARN_UNINITIALIZED_AUTOS = YES_AGGRESSIVE;
				GCC_WARN_UNUSED_FUNCTION = YES;
				GCC_WARN_UNUSED_VARIABLE = YES;
				IPHONEOS_DEPLOYMENT_TARGET = 13.5;
				MTL_ENABLE_DEBUG_INFO = INCLUDE_SOURCE;
				MTL_FAST_MATH = YES;
				ONLY_ACTIVE_ARCH = YES;
				SDKROOT = iphoneos;
				SWIFT_ACTIVE_COMPILATION_CONDITIONS = DEBUG;
				SWIFT_OPTIMIZATION_LEVEL = "-Onone";
			};
			name = Debug;
		};
		E0BCD76F2498ADE5004A9D6A /* Release */ = {
			isa = XCBuildConfiguration;
			buildSettings = {
				ALWAYS_SEARCH_USER_PATHS = NO;
				CLANG_ANALYZER_NONNULL = YES;
				CLANG_ANALYZER_NUMBER_OBJECT_CONVERSION = YES_AGGRESSIVE;
				CLANG_CXX_LANGUAGE_STANDARD = "gnu++14";
				CLANG_CXX_LIBRARY = "libc++";
				CLANG_ENABLE_MODULES = YES;
				CLANG_ENABLE_OBJC_ARC = YES;
				CLANG_ENABLE_OBJC_WEAK = YES;
				CLANG_WARN_BLOCK_CAPTURE_AUTORELEASING = YES;
				CLANG_WARN_BOOL_CONVERSION = YES;
				CLANG_WARN_COMMA = YES;
				CLANG_WARN_CONSTANT_CONVERSION = YES;
				CLANG_WARN_DEPRECATED_OBJC_IMPLEMENTATIONS = YES;
				CLANG_WARN_DIRECT_OBJC_ISA_USAGE = YES_ERROR;
				CLANG_WARN_DOCUMENTATION_COMMENTS = YES;
				CLANG_WARN_EMPTY_BODY = YES;
				CLANG_WARN_ENUM_CONVERSION = YES;
				CLANG_WARN_INFINITE_RECURSION = YES;
				CLANG_WARN_INT_CONVERSION = YES;
				CLANG_WARN_NON_LITERAL_NULL_CONVERSION = YES;
				CLANG_WARN_OBJC_IMPLICIT_RETAIN_SELF = YES;
				CLANG_WARN_OBJC_LITERAL_CONVERSION = YES;
				CLANG_WARN_OBJC_ROOT_CLASS = YES_ERROR;
				CLANG_WARN_RANGE_LOOP_ANALYSIS = YES;
				CLANG_WARN_STRICT_PROTOTYPES = YES;
				CLANG_WARN_SUSPICIOUS_MOVE = YES;
				CLANG_WARN_UNGUARDED_AVAILABILITY = YES_AGGRESSIVE;
				CLANG_WARN_UNREACHABLE_CODE = YES;
				CLANG_WARN__DUPLICATE_METHOD_MATCH = YES;
				COPY_PHASE_STRIP = NO;
				DEBUG_INFORMATION_FORMAT = "dwarf-with-dsym";
				ENABLE_NS_ASSERTIONS = NO;
				ENABLE_STRICT_OBJC_MSGSEND = YES;
				GCC_C_LANGUAGE_STANDARD = gnu11;
				GCC_NO_COMMON_BLOCKS = YES;
				GCC_WARN_64_TO_32_BIT_CONVERSION = YES;
				GCC_WARN_ABOUT_RETURN_TYPE = YES_ERROR;
				GCC_WARN_UNDECLARED_SELECTOR = YES;
				GCC_WARN_UNINITIALIZED_AUTOS = YES_AGGRESSIVE;
				GCC_WARN_UNUSED_FUNCTION = YES;
				GCC_WARN_UNUSED_VARIABLE = YES;
				IPHONEOS_DEPLOYMENT_TARGET = 13.5;
				MTL_ENABLE_DEBUG_INFO = NO;
				MTL_FAST_MATH = YES;
				SDKROOT = iphoneos;
				SWIFT_COMPILATION_MODE = wholemodule;
				SWIFT_OPTIMIZATION_LEVEL = "-O";
				VALIDATE_PRODUCT = YES;
			};
			name = Release;
		};
		E0BCD7712498ADE5004A9D6A /* Debug */ = {
			isa = XCBuildConfiguration;
			buildSettings = {
				ASSETCATALOG_COMPILER_APPICON_NAME = AppIcon;
				CODE_SIGN_STYLE = Automatic;
				DEVELOPMENT_TEAM = Q2UDMR8XH2;
				INFOPLIST_FILE = AVSoft/Info.plist;
				LD_RUNPATH_SEARCH_PATHS = (
					"$(inherited)",
					"@executable_path/Frameworks",
				);
				PRODUCT_BUNDLE_IDENTIFIER = com.Roma.AVSoft;
				PRODUCT_NAME = "$(TARGET_NAME)";
				SWIFT_VERSION = 5.0;
				TARGETED_DEVICE_FAMILY = "1,2";
			};
			name = Debug;
		};
		E0BCD7722498ADE5004A9D6A /* Release */ = {
			isa = XCBuildConfiguration;
			buildSettings = {
				ASSETCATALOG_COMPILER_APPICON_NAME = AppIcon;
				CODE_SIGN_STYLE = Automatic;
				DEVELOPMENT_TEAM = Q2UDMR8XH2;
				INFOPLIST_FILE = AVSoft/Info.plist;
				LD_RUNPATH_SEARCH_PATHS = (
					"$(inherited)",
					"@executable_path/Frameworks",
				);
				PRODUCT_BUNDLE_IDENTIFIER = com.Roma.AVSoft;
				PRODUCT_NAME = "$(TARGET_NAME)";
				SWIFT_VERSION = 5.0;
				TARGETED_DEVICE_FAMILY = "1,2";
			};
			name = Release;
		};
/* End XCBuildConfiguration section */

/* Begin XCConfigurationList section */
		E0BCD7572498ADE0004A9D6A /* Build configuration list for PBXProject "AVSoft" */ = {
			isa = XCConfigurationList;
			buildConfigurations = (
				E0BCD76E2498ADE5004A9D6A /* Debug */,
				E0BCD76F2498ADE5004A9D6A /* Release */,
			);
			defaultConfigurationIsVisible = 0;
			defaultConfigurationName = Release;
		};
		E0BCD7702498ADE5004A9D6A /* Build configuration list for PBXNativeTarget "AVSoft" */ = {
			isa = XCConfigurationList;
			buildConfigurations = (
				E0BCD7712498ADE5004A9D6A /* Debug */,
				E0BCD7722498ADE5004A9D6A /* Release */,
			);
			defaultConfigurationIsVisible = 0;
			defaultConfigurationName = Release;
		};
/* End XCConfigurationList section */
	};
	rootObject = E0BCD7542498ADE0004A9D6A /* Project object */;
}
